{
    "name": "mobile-number-tracker",
    "version": "3.4.5",
    "lockfileVersion": 3,
    "requires": true,
    "packages": {
        "": {
            "name": "mobile-number-tracker",
            "version": "3.4.5",
            "license": "MIT",
            "bin": {
                "phone-tracker": "bin/cli.js"
            }
        }
    }
}
